PODS:
  - HyperioniOS/AttributesInspector (1.0.0):
    - HyperioniOS/Core
  - HyperioniOS/Core (1.0.0)
  - HyperioniOS/Measurements (1.0.0):
    - HyperioniOS/Core
  - HyperioniOS/SlowAnimations (1.0.0):
    - HyperioniOS/Core

DEPENDENCIES:
  - HyperioniOS/AttributesInspector (from `../`)
  - HyperioniOS/Core (from `../`)
  - HyperioniOS/Measurements (from `../`)
  - HyperioniOS/SlowAnimations (from `../`)

EXTERNAL SOURCES:
  HyperioniOS:
    :path: ../

SPEC CHECKSUMS:
  HyperioniOS: f558bfef1a6800b7587e18152f92c11b70c702ff

PODFILE CHECKSUM: 305d3a71510ce66d81c5119d573512c4e6171ac5

COCOAPODS: 1.3.1
